
Microsoft Visual Studio Solution File, Format Version 12.00
# Visual Studio Version 16
VisualStudioVersion = 16.0.30517.126
MinimumVisualStudioVersion = 10.0.40219.1
Project("{8BC9CEB8-8B4A-11D0-8D11-00A0C91BC942}") = "_785", "_785\_785.vcxproj", "{41BA0D44-615A-4224-9FF4-EECEB7B0FB10}"
EndProject
Project("{8BC9CEB8-8B4A-11D0-8D11-00A0C91BC942}") = "_10189", "_10189\_10189.vcxproj", "{8FC8D35A-F1AD-488D-BED9-C6775E62DF48}"
EndProject
Project("{8BC9CEB8-8B4A-11D0-8D11-00A0C91BC942}") = "_861", "_861\_861.vcxproj", "{C46DC8F6-4934-4C57-8148-D8A9DC565720}"
EndProject
Project("{8BC9CEB8-8B4A-11D0-8D11-00A0C91BC942}") = "_160", "_160\_160.vcxproj", "{54F29334-45A6-4F35-BA43-B74F3A3B063D}"
EndProject
Project("{8BC9CEB8-8B4A-11D0-8D11-00A0C91BC942}") = "_11287", "_11287\_11287.vcxproj", "{D5A432A1-697E-43F3-9F23-E283559F6860}"
EndProject
Project("{8BC9CEB8-8B4A-11D0-8D11-00A0C91BC942}") = "_10490", "_10490\_10490.vcxproj", "{98F78F54-D374-4F62-B017-CF0ADFCA0B1B}"
EndProject
Global
	GlobalSection(SolutionConfigurationPlatforms) = preSolution
		Debug|x64 = Debug|x64
		Debug|x86 = Debug|x86
		Release|x64 = Release|x64
		Release|x86 = Release|x86
	EndGlobalSection
	GlobalSection(ProjectConfigurationPlatforms) = postSolution
		{41BA0D44-615A-4224-9FF4-EECEB7B0FB10}.Debug|x64.ActiveCfg = Debug|x64
		{41BA0D44-615A-4224-9FF4-EECEB7B0FB10}.Debug|x64.Build.0 = Debug|x64
		{41BA0D44-615A-4224-9FF4-EECEB7B0FB10}.Debug|x86.ActiveCfg = Debug|Win32
		{41BA0D44-615A-4224-9FF4-EECEB7B0FB10}.Debug|x86.Build.0 = Debug|Win32
		{41BA0D44-615A-4224-9FF4-EECEB7B0FB10}.Release|x64.ActiveCfg = Release|x64
		{41BA0D44-615A-4224-9FF4-EECEB7B0FB10}.Release|x64.Build.0 = Release|x64
		{41BA0D44-615A-4224-9FF4-EECEB7B0FB10}.Release|x86.ActiveCfg = Release|Win32
		{41BA0D44-615A-4224-9FF4-EECEB7B0FB10}.Release|x86.Build.0 = Release|Win32
		{8FC8D35A-F1AD-488D-BED9-C6775E62DF48}.Debug|x64.ActiveCfg = Debug|x64
		{8FC8D35A-F1AD-488D-BED9-C6775E62DF48}.Debug|x64.Build.0 = Debug|x64
		{8FC8D35A-F1AD-488D-BED9-C6775E62DF48}.Debug|x86.ActiveCfg = Debug|Win32
		{8FC8D35A-F1AD-488D-BED9-C6775E62DF48}.Debug|x86.Build.0 = Debug|Win32
		{8FC8D35A-F1AD-488D-BED9-C6775E62DF48}.Release|x64.ActiveCfg = Release|x64
		{8FC8D35A-F1AD-488D-BED9-C6775E62DF48}.Release|x64.Build.0 = Release|x64
		{8FC8D35A-F1AD-488D-BED9-C6775E62DF48}.Release|x86.ActiveCfg = Release|Win32
		{8FC8D35A-F1AD-488D-BED9-C6775E62DF48}.Release|x86.Build.0 = Release|Win32
		{C46DC8F6-4934-4C57-8148-D8A9DC565720}.Debug|x64.ActiveCfg = Debug|x64
		{C46DC8F6-4934-4C57-8148-D8A9DC565720}.Debug|x64.Build.0 = Debug|x64
		{C46DC8F6-4934-4C57-8148-D8A9DC565720}.Debug|x86.ActiveCfg = Debug|Win32
		{C46DC8F6-4934-4C57-8148-D8A9DC565720}.Debug|x86.Build.0 = Debug|Win32
		{C46DC8F6-4934-4C57-8148-D8A9DC565720}.Release|x64.ActiveCfg = Release|x64
		{C46DC8F6-4934-4C57-8148-D8A9DC565720}.Release|x64.Build.0 = Release|x64
		{C46DC8F6-4934-4C57-8148-D8A9DC565720}.Release|x86.ActiveCfg = Release|Win32
		{C46DC8F6-4934-4C57-8148-D8A9DC565720}.Release|x86.Build.0 = Release|Win32
		{54F29334-45A6-4F35-BA43-B74F3A3B063D}.Debug|x64.ActiveCfg = Debug|x64
		{54F29334-45A6-4F35-BA43-B74F3A3B063D}.Debug|x64.Build.0 = Debug|x64
		{54F29334-45A6-4F35-BA43-B74F3A3B063D}.Debug|x86.ActiveCfg = Debug|Win32
		{54F29334-45A6-4F35-BA43-B74F3A3B063D}.Debug|x86.Build.0 = Debug|Win32
		{54F29334-45A6-4F35-BA43-B74F3A3B063D}.Release|x64.ActiveCfg = Release|x64
		{54F29334-45A6-4F35-BA43-B74F3A3B063D}.Release|x64.Build.0 = Release|x64
		{54F29334-45A6-4F35-BA43-B74F3A3B063D}.Release|x86.ActiveCfg = Release|Win32
		{54F29334-45A6-4F35-BA43-B74F3A3B063D}.Release|x86.Build.0 = Release|Win32
		{D5A432A1-697E-43F3-9F23-E283559F6860}.Debug|x64.ActiveCfg = Debug|x64
		{D5A432A1-697E-43F3-9F23-E283559F6860}.Debug|x64.Build.0 = Debug|x64
		{D5A432A1-697E-43F3-9F23-E283559F6860}.Debug|x86.ActiveCfg = Debug|Win32
		{D5A432A1-697E-43F3-9F23-E283559F6860}.Debug|x86.Build.0 = Debug|Win32
		{D5A432A1-697E-43F3-9F23-E283559F6860}.Release|x64.ActiveCfg = Release|x64
		{D5A432A1-697E-43F3-9F23-E283559F6860}.Release|x64.Build.0 = Release|x64
		{D5A432A1-697E-43F3-9F23-E283559F6860}.Release|x86.ActiveCfg = Release|Win32
		{D5A432A1-697E-43F3-9F23-E283559F6860}.Release|x86.Build.0 = Release|Win32
		{98F78F54-D374-4F62-B017-CF0ADFCA0B1B}.Debug|x64.ActiveCfg = Debug|x64
		{98F78F54-D374-4F62-B017-CF0ADFCA0B1B}.Debug|x64.Build.0 = Debug|x64
		{98F78F54-D374-4F62-B017-CF0ADFCA0B1B}.Debug|x86.ActiveCfg = Debug|Win32
		{98F78F54-D374-4F62-B017-CF0ADFCA0B1B}.Debug|x86.Build.0 = Debug|Win32
		{98F78F54-D374-4F62-B017-CF0ADFCA0B1B}.Release|x64.ActiveCfg = Release|x64
		{98F78F54-D374-4F62-B017-CF0ADFCA0B1B}.Release|x64.Build.0 = Release|x64
		{98F78F54-D374-4F62-B017-CF0ADFCA0B1B}.Release|x86.ActiveCfg = Release|Win32
		{98F78F54-D374-4F62-B017-CF0ADFCA0B1B}.Release|x86.Build.0 = Release|Win32
	EndGlobalSection
	GlobalSection(SolutionProperties) = preSolution
		HideSolutionNode = FALSE
	EndGlobalSection
	GlobalSection(ExtensibilityGlobals) = postSolution
		SolutionGuid = {D33FE6B0-14BF-4065-AF75-BA497A10AA6E}
	EndGlobalSection
EndGlobal
